<?xml version="1.0" encoding="utf-8"?>
<Project ToolsVersion="4.0" xmlns="http://schemas.microsoft.com/developer/msbuild/2003">
  <ItemGroup>
    <Filter Include="Common">
      <UniqueIdentifier>d2532be0-d80e-4b38-accd-7ffe18a28f14</UniqueIdentifier>
    </Filter>
    <Filter Include="Assets">
      <UniqueIdentifier>546505f9-aeab-4693-9a77-8d32ee85059f</UniqueIdentifier>
      <Extensions>ico;cur;bmp;dds;dlg;fbx;rct;bin;rgs;gif;jpg;jpeg;jpe;resx;tga;tiff;tif;png;wav;mfcribbon-ms</Extensions>
    </Filter>
    <Filter Include="MainLoop">
      <UniqueIdentifier>{3ba96923-4129-4466-aa4c-b777d3e002e1}</UniqueIdentifier>
    </Filter>
    <Filter Include="Utility">
      <UniqueIdentifier>{e32848e1-7d7c-4917-9262-a82ebdd4de5d}</UniqueIdentifier>
    </Filter>
  </ItemGroup>
  <ItemGroup>
    <ClInclude Include="pch.h" />
    <ClInclude Include="DeviceResources.h">
      <Filter>Common</Filter>
    </ClInclude>
    <ClInclude Include="d3dx12.h">
      <Filter>Common</Filter>
    </ClInclude>
    <ClInclude Include="..\Shared\Game.h">
      <Filter>MainLoop</Filter>
    </ClInclude>
    <ClInclude Include="..\Shared\config.h" />
    <ClInclude Include="RenderTexture.h">
      <Filter>Common</Filter>
    </ClInclude>
    <ClInclude Include="..\Utility\StepTimer.h">
      <Filter>Utility</Filter>
    </ClInclude>
    <ClInclude Include="..\Utility\GameComponents.h">
      <Filter>Utility</Filter>
    </ClInclude>
    <ClInclude Include="..\Utility\GameServices.h">
      <Filter>Utility</Filter>
    </ClInclude>
  </ItemGroup>
  <ItemGroup>
    <ClCompile Include="pch.cpp" />
    <ClCompile Include="DeviceResources.cpp">
      <Filter>Common</Filter>
    </ClCompile>
    <ClCompile Include="..\Shared\Game.cpp">
      <Filter>MainLoop</Filter>
    </ClCompile>
    <ClCompile Include="RenderTexture.cpp">
      <Filter>Common</Filter>
    </ClCompile>
    <ClCompile Include="..\Shared\Main.cpp">
      <Filter>MainLoop</Filter>
    </ClCompile>
    <ClCompile Include="..\Utility\GameComponents.cpp">
      <Filter>Utility</Filter>
    </ClCompile>
    <ClCompile Include="..\Utility\GameServices.cpp">
      <Filter>Utility</Filter>
    </ClCompile>
  </ItemGroup>
  <ItemGroup>
    <ResourceCompile Include="resource.rc" />
  </ItemGroup>
  <ItemGroup>
    <Image Include="directx.ico">
      <Filter>Assets</Filter>
    </Image>
  </ItemGroup>
  <ItemGroup>
    <Manifest Include="settings.manifest">
      <Filter>Assets</Filter>
    </Manifest>
  </ItemGroup>
  <ItemGroup>
    <None Include="vcpkg.json" />
    <None Include="vcpkg-configuration.json" />
  </ItemGroup>
</Project>